
Microsoft Visual Studio Solution File, Format Version 11.00
# Visual Studio 2010
Project("{D2ABAB84-BF74-430A-B69E-9DC6D40DDA17}") = "MultidimensionalProject2", "MultidimensionalProject2\MultidimensionalProject2.dwproj", "{444DAFA4-0345-4978-AED9-6274EDB160F0}"
EndProject
Global
	GlobalSection(SolutionConfigurationPlatforms) = preSolution
		Development|Default = Development|Default
	EndGlobalSection
	GlobalSection(ProjectConfigurationPlatforms) = postSolution
		{444DAFA4-0345-4978-AED9-6274EDB160F0}.Development|Default.ActiveCfg = Development
		{444DAFA4-0345-4978-AED9-6274EDB160F0}.Development|Default.Build.0 = Development
		{444DAFA4-0345-4978-AED9-6274EDB160F0}.Development|Default.Deploy.0 = Development
	EndGlobalSection
	GlobalSection(SolutionProperties) = preSolution
		HideSolutionNode = FALSE
	EndGlobalSection
EndGlobal
